// !$*UTF8*$!
{
	archiveVersion = 1;
	classes = {
	};
	objectVersion = 50;
	objects = {

/* Begin PBXBuildFile section */
		0B7AC77F228C51A3002646C2 /* FavouritesPresenter.swift in Sources */ = {isa = PBXBuildFile; fileRef = 0B7AC77E228C51A3002646C2 /* FavouritesPresenter.swift */; };
		0B7AC781228C51C0002646C2 /* FavouritesDelegate.swift in Sources */ = {isa = PBXBuildFile; fileRef = 0B7AC780228C51C0002646C2 /* FavouritesDelegate.swift */; };
		0B7AC783228C5219002646C2 /* FavouritesCollectionView_ExtensionDelegate.swift in Sources */ = {isa = PBXBuildFile; fileRef = 0B7AC782228C5219002646C2 /* FavouritesCollectionView_ExtensionDelegate.swift */; };
		0B82CD2D228ABA3A002B02C4 /* HomePresenter.swift in Sources */ = {isa = PBXBuildFile; fileRef = 0B82CD2C228ABA3A002B02C4 /* HomePresenter.swift */; };
		0B82CD2F228ABA54002B02C4 /* HomeDelegate.swift in Sources */ = {isa = PBXBuildFile; fileRef = 0B82CD2E228ABA54002B02C4 /* HomeDelegate.swift */; };
		0B82CD31228ABB13002B02C4 /* HomeViewController_ExtensionDelegate.swift in Sources */ = {isa = PBXBuildFile; fileRef = 0B82CD30228ABB13002B02C4 /* HomeViewController_ExtensionDelegate.swift */; };
		0B82CD33228AC008002B02C4 /* Movie.swift in Sources */ = {isa = PBXBuildFile; fileRef = 0B82CD32228AC008002B02C4 /* Movie.swift */; };
		0B82CD37228AF633002B02C4 /* NetworkDelegate.swift in Sources */ = {isa = PBXBuildFile; fileRef = 0B82CD36228AF633002B02C4 /* NetworkDelegate.swift */; };
		0B82CD39228AF6BB002B02C4 /* NetworkConnection_ExtensionDelegate.swift in Sources */ = {isa = PBXBuildFile; fileRef = 0B82CD38228AF6BB002B02C4 /* NetworkConnection_ExtensionDelegate.swift */; };
		0B82CD3B228B002C002B02C4 /* cr1.jpg in Resources */ = {isa = PBXBuildFile; fileRef = 0B82CD3A228B002C002B02C4 /* cr1.jpg */; };
		0B82CD43228B20A9002B02C4 /* DetailsViewController.swift in Sources */ = {isa = PBXBuildFile; fileRef = 0B82CD42228B20A9002B02C4 /* DetailsViewController.swift */; };
		0B82CD45228B3550002B02C4 /* DetailsDelegate.swift in Sources */ = {isa = PBXBuildFile; fileRef = 0B82CD44228B3550002B02C4 /* DetailsDelegate.swift */; };
		0B82CD47228B356B002B02C4 /* DetailsPresenter.swift in Sources */ = {isa = PBXBuildFile; fileRef = 0B82CD46228B356B002B02C4 /* DetailsPresenter.swift */; };
		0B82CD49228B35C5002B02C4 /* DetailsViewController_ExtensionDelegate.swift in Sources */ = {isa = PBXBuildFile; fileRef = 0B82CD48228B35C5002B02C4 /* DetailsViewController_ExtensionDelegate.swift */; };
		0B82CD4B228B5EA7002B02C4 /* CoreDataModel.swift in Sources */ = {isa = PBXBuildFile; fileRef = 0B82CD4A228B5EA7002B02C4 /* CoreDataModel.swift */; };
		0B82CD4F228B601B002B02C4 /* CoreDataDelegate.swift in Sources */ = {isa = PBXBuildFile; fileRef = 0B82CD4E228B601B002B02C4 /* CoreDataDelegate.swift */; };
		0B876724229189B200F4FF41 /* Trailer.swift in Sources */ = {isa = PBXBuildFile; fileRef = 0B876723229189B200F4FF41 /* Trailer.swift */; };
		0B87672622919D0400F4FF41 /* TrailersTableViewCell.swift in Sources */ = {isa = PBXBuildFile; fileRef = 0B87672522919D0400F4FF41 /* TrailersTableViewCell.swift */; };
		0B87672922919ECD00F4FF41 /* Unknown.jpeg in Resources */ = {isa = PBXBuildFile; fileRef = 0B87672822919ECD00F4FF41 /* Unknown.jpeg */; };
		0B87672B2291AE4700F4FF41 /* ReviewsTableViewCell.swift in Sources */ = {isa = PBXBuildFile; fileRef = 0B87672A2291AE4700F4FF41 /* ReviewsTableViewCell.swift */; };
		0B87672D2291B0DA00F4FF41 /* Reviews.swift in Sources */ = {isa = PBXBuildFile; fileRef = 0B87672C2291B0DA00F4FF41 /* Reviews.swift */; };
		0B9200DD2292C4BC008FB1ED /* home1.png in Resources */ = {isa = PBXBuildFile; fileRef = 0B9200DC2292C4BC008FB1ED /* home1.png */; };
		0B9200E02292E3F8008FB1ED /* SplashViewController.swift in Sources */ = {isa = PBXBuildFile; fileRef = 0B9200DF2292E3F8008FB1ED /* SplashViewController.swift */; };
		0B9200E22292E534008FB1ED /* Fall-Movie-Review.jpg in Resources */ = {isa = PBXBuildFile; fileRef = 0B9200E12292E534008FB1ED /* Fall-Movie-Review.jpg */; };
		0B9200E42292FCB1008FB1ED /* placeholder.png in Resources */ = {isa = PBXBuildFile; fileRef = 0B9200E32292FCB1008FB1ED /* placeholder.png */; };
		0B9200E622930D02008FB1ED /* home.png in Resources */ = {isa = PBXBuildFile; fileRef = 0B9200E522930D02008FB1ED /* home.png */; };
		0B9200E822930D2E008FB1ED /* favorite-heart-button.png in Resources */ = {isa = PBXBuildFile; fileRef = 0B9200E722930D2D008FB1ED /* favorite-heart-button.png */; };
		0BD4277A2289C02300899A06 /* FavouritesCollectionViewController.swift in Sources */ = {isa = PBXBuildFile; fileRef = 0BD427792289C02200899A06 /* FavouritesCollectionViewController.swift */; };
		0BD4277C2289C02B00899A06 /* FavouritesCollectionViewCell.swift in Sources */ = {isa = PBXBuildFile; fileRef = 0BD4277B2289C02B00899A06 /* FavouritesCollectionViewCell.swift */; };
		0BD4277E2289C04100899A06 /* HomeCollectionViewController.swift in Sources */ = {isa = PBXBuildFile; fileRef = 0BD4277D2289C04100899A06 /* HomeCollectionViewController.swift */; };
		0BD427802289C04600899A06 /* HomeCollectionViewCell.swift in Sources */ = {isa = PBXBuildFile; fileRef = 0BD4277F2289C04600899A06 /* HomeCollectionViewCell.swift */; };
		0BD427882289F24100899A06 /* NetworkConnection.swift in Sources */ = {isa = PBXBuildFile; fileRef = 0BD427872289F24100899A06 /* NetworkConnection.swift */; };
		BA593BFF2289B42C007CFF2E /* AppDelegate.swift in Sources */ = {isa = PBXBuildFile; fileRef = BA593BFE2289B42C007CFF2E /* AppDelegate.swift */; };
		BA593C042289B42C007CFF2E /* Main.storyboard in Resources */ = {isa = PBXBuildFile; fileRef = BA593C022289B42C007CFF2E /* Main.storyboard */; };
		BA593C072289B42C007CFF2E /* MovieApp.xcdatamodeld in Sources */ = {isa = PBXBuildFile; fileRef = BA593C052289B42C007CFF2E /* MovieApp.xcdatamodeld */; };
		BA593C092289B432007CFF2E /* Assets.xcassets in Resources */ = {isa = PBXBuildFile; fileRef = BA593C082289B432007CFF2E /* Assets.xcassets */; };
		BA593C0C2289B432007CFF2E /* LaunchScreen.storyboard in Resources */ = {isa = PBXBuildFile; fileRef = BA593C0A2289B432007CFF2E /* LaunchScreen.storyboard */; };
		C02392F059777B29DB484819 /* Pods_MovieApp.framework in Frameworks */ = {isa = PBXBuildFile; fileRef = E701452529C961F2737C38EA /* Pods_MovieApp.framework */; };
/* End PBXBuildFile section */

/* Begin PBXFileReference section */
		0B7AC77E228C51A3002646C2 /* FavouritesPresenter.swift */ = {isa = PBXFileReference; lastKnownFileType = sourcecode.swift; path = FavouritesPresenter.swift; sourceTree = "<group>"; };
		0B7AC780228C51C0002646C2 /* FavouritesDelegate.swift */ = {isa = PBXFileReference; lastKnownFileType = sourcecode.swift; path = FavouritesDelegate.swift; sourceTree = "<group>"; };
		0B7AC782228C5219002646C2 /* FavouritesCollectionView_ExtensionDelegate.swift */ = {isa = PBXFileReference; lastKnownFileType = sourcecode.swift; path = FavouritesCollectionView_ExtensionDelegate.swift; sourceTree = "<group>"; };
		0B82CD2C228ABA3A002B02C4 /* HomePresenter.swift */ = {isa = PBXFileReference; lastKnownFileType = sourcecode.swift; path = HomePresenter.swift; sourceTree = "<group>"; };
		0B82CD2E228ABA54002B02C4 /* HomeDelegate.swift */ = {isa = PBXFileReference; lastKnownFileType = sourcecode.swift; path = HomeDelegate.swift; sourceTree = "<group>"; };
		0B82CD30228ABB13002B02C4 /* HomeViewController_ExtensionDelegate.swift */ = {isa = PBXFileReference; lastKnownFileType = sourcecode.swift; path = HomeViewController_ExtensionDelegate.swift; sourceTree = "<group>"; };
		0B82CD32228AC008002B02C4 /* Movie.swift */ = {isa = PBXFileReference; lastKnownFileType = sourcecode.swift; path = Movie.swift; sourceTree = "<group>"; };
		0B82CD36228AF633002B02C4 /* NetworkDelegate.swift */ = {isa = PBXFileReference; lastKnownFileType = sourcecode.swift; path = NetworkDelegate.swift; sourceTree = "<group>"; };
		0B82CD38228AF6BB002B02C4 /* NetworkConnection_ExtensionDelegate.swift */ = {isa = PBXFileReference; lastKnownFileType = sourcecode.swift; path = NetworkConnection_ExtensionDelegate.swift; sourceTree = "<group>"; };
		0B82CD3A228B002C002B02C4 /* cr1.jpg */ = {isa = PBXFileReference; lastKnownFileType = image.jpeg; path = cr1.jpg; sourceTree = "<group>"; };
		0B82CD42228B20A9002B02C4 /* DetailsViewController.swift */ = {isa = PBXFileReference; lastKnownFileType = sourcecode.swift; path = DetailsViewController.swift; sourceTree = "<group>"; };
		0B82CD44228B3550002B02C4 /* DetailsDelegate.swift */ = {isa = PBXFileReference; lastKnownFileType = sourcecode.swift; path = DetailsDelegate.swift; sourceTree = "<group>"; };
		0B82CD46228B356B002B02C4 /* DetailsPresenter.swift */ = {isa = PBXFileReference; lastKnownFileType = sourcecode.swift; path = DetailsPresenter.swift; sourceTree = "<group>"; };
		0B82CD48228B35C5002B02C4 /* DetailsViewController_ExtensionDelegate.swift */ = {isa = PBXFileReference; lastKnownFileType = sourcecode.swift; path = DetailsViewController_ExtensionDelegate.swift; sourceTree = "<group>"; };
		0B82CD4A228B5EA7002B02C4 /* CoreDataModel.swift */ = {isa = PBXFileReference; lastKnownFileType = sourcecode.swift; path = CoreDataModel.swift; sourceTree = "<group>"; };
		0B82CD4E228B601B002B02C4 /* CoreDataDelegate.swift */ = {isa = PBXFileReference; lastKnownFileType = sourcecode.swift; path = CoreDataDelegate.swift; sourceTree = "<group>"; };
		0B876723229189B200F4FF41 /* Trailer.swift */ = {isa = PBXFileReference; lastKnownFileType = sourcecode.swift; path = Trailer.swift; sourceTree = "<group>"; };
		0B87672522919D0400F4FF41 /* TrailersTableViewCell.swift */ = {isa = PBXFileReference; lastKnownFileType = sourcecode.swift; path = TrailersTableViewCell.swift; sourceTree = "<group>"; };
		0B87672822919ECD00F4FF41 /* Unknown.jpeg */ = {isa = PBXFileReference; lastKnownFileType = image.jpeg; path = Unknown.jpeg; sourceTree = "<group>"; };
		0B87672A2291AE4700F4FF41 /* ReviewsTableViewCell.swift */ = {isa = PBXFileReference; lastKnownFileType = sourcecode.swift; path = ReviewsTableViewCell.swift; sourceTree = "<group>"; };
		0B87672C2291B0DA00F4FF41 /* Reviews.swift */ = {isa = PBXFileReference; lastKnownFileType = sourcecode.swift; path = Reviews.swift; sourceTree = "<group>"; };
		0B9200DC2292C4BC008FB1ED /* home1.png */ = {isa = PBXFileReference; lastKnownFileType = image.png; path = home1.png; sourceTree = "<group>"; };
		0B9200DF2292E3F8008FB1ED /* SplashViewController.swift */ = {isa = PBXFileReference; lastKnownFileType = sourcecode.swift; path = SplashViewController.swift; sourceTree = "<group>"; };
		0B9200E12292E534008FB1ED /* Fall-Movie-Review.jpg */ = {isa = PBXFileReference; lastKnownFileType = image.jpeg; path = "Fall-Movie-Review.jpg"; sourceTree = "<group>"; };
		0B9200E32292FCB1008FB1ED /* placeholder.png */ = {isa = PBXFileReference; lastKnownFileType = image.png; path = placeholder.png; sourceTree = "<group>"; };
		0B9200E522930D02008FB1ED /* home.png */ = {isa = PBXFileReference; lastKnownFileType = image.png; name = home.png; path = ../../../home.png; sourceTree = "<group>"; };
		0B9200E722930D2D008FB1ED /* favorite-heart-button.png */ = {isa = PBXFileReference; lastKnownFileType = image.png; path = "favorite-heart-button.png"; sourceTree = "<group>"; };
		0BD427792289C02200899A06 /* FavouritesCollectionViewController.swift */ = {isa = PBXFileReference; fileEncoding = 4; lastKnownFileType = sourcecode.swift; path = FavouritesCollectionViewController.swift; sourceTree = "<group>"; };
		0BD4277B2289C02B00899A06 /* FavouritesCollectionViewCell.swift */ = {isa = PBXFileReference; fileEncoding = 4; lastKnownFileType = sourcecode.swift; path = FavouritesCollectionViewCell.swift; sourceTree = "<group>"; };
		0BD4277D2289C04100899A06 /* HomeCollectionViewController.swift */ = {isa = PBXFileReference; fileEncoding = 4; lastKnownFileType = sourcecode.swift; path = HomeCollectionViewController.swift; sourceTree = "<group>"; };
		0BD4277F2289C04600899A06 /* HomeCollectionViewCell.swift */ = {isa = PBXFileReference; fileEncoding = 4; lastKnownFileType = sourcecode.swift; path = HomeCollectionViewCell.swift; sourceTree = "<group>"; };
		0BD427872289F24100899A06 /* NetworkConnection.swift */ = {isa = PBXFileReference; lastKnownFileType = sourcecode.swift; path = NetworkConnection.swift; sourceTree = "<group>"; };
		32FF9D4E1CE962B22E8E2F3A /* Pods-MovieApp.debug.xcconfig */ = {isa = PBXFileReference; includeInIndex = 1; lastKnownFileType = text.xcconfig; name = "Pods-MovieApp.debug.xcconfig"; path = "Pods/Target Support Files/Pods-MovieApp/Pods-MovieApp.debug.xcconfig"; sourceTree = "<group>"; };
		A4C1362B0A97B51C9D35592C /* Pods-MovieApp.release.xcconfig */ = {isa = PBXFileReference; includeInIndex = 1; lastKnownFileType = text.xcconfig; name = "Pods-MovieApp.release.xcconfig"; path = "Pods/Target Support Files/Pods-MovieApp/Pods-MovieApp.release.xcconfig"; sourceTree = "<group>"; };
		BA593BFB2289B42C007CFF2E /* MovieApp.app */ = {isa = PBXFileReference; explicitFileType = wrapper.application; includeInIndex = 0; path = MovieApp.app; sourceTree = BUILT_PRODUCTS_DIR; };
		BA593BFE2289B42C007CFF2E /* AppDelegate.swift */ = {isa = PBXFileReference; lastKnownFileType = sourcecode.swift; path = AppDelegate.swift; sourceTree = "<group>"; };
		BA593C032289B42C007CFF2E /* Base */ = {isa = PBXFileReference; lastKnownFileType = file.storyboard; name = Base; path = Base.lproj/Main.storyboard; sourceTree = "<group>"; };
		BA593C062289B42C007CFF2E /* MovieApp.xcdatamodel */ = {isa = PBXFileReference; lastKnownFileType = wrapper.xcdatamodel; path = MovieApp.xcdatamodel; sourceTree = "<group>"; };
		BA593C082289B432007CFF2E /* Assets.xcassets */ = {isa = PBXFileReference; lastKnownFileType = folder.assetcatalog; path = Assets.xcassets; sourceTree = "<group>"; };
		BA593C0B2289B432007CFF2E /* Base */ = {isa = PBXFileReference; lastKnownFileType = file.storyboard; name = Base; path = Base.lproj/LaunchScreen.storyboard; sourceTree = "<group>"; };
		BA593C0D2289B432007CFF2E /* Info.plist */ = {isa = PBXFileReference; lastKnownFileType = text.plist.xml; path = Info.plist; sourceTree = "<group>"; };
		E701452529C961F2737C38EA /* Pods_MovieApp.framework */ = {isa = PBXFileReference; explicitFileType = wrapper.framework; includeInIndex = 0; path = Pods_MovieApp.framework; sourceTree = BUILT_PRODUCTS_DIR; };
/* End PBXFileReference section */

/* Begin PBXFrameworksBuildPhase section */
		BA593BF82289B42C007CFF2E /* Frameworks */ = {
			isa = PBXFrameworksBuildPhase;
			buildActionMask = 2147483647;
			files = (
				C02392F059777B29DB484819 /* Pods_MovieApp.framework in Frameworks */,
			);
			runOnlyForDeploymentPostprocessing = 0;
		};
/* End PBXFrameworksBuildPhase section */

/* Begin PBXGroup section */
		0AD77D4FFEC8C34EDE5B7B7C /* Pods */ = {
			isa = PBXGroup;
			children = (
				32FF9D4E1CE962B22E8E2F3A /* Pods-MovieApp.debug.xcconfig */,
				A4C1362B0A97B51C9D35592C /* Pods-MovieApp.release.xcconfig */,
			);
			name = Pods;
			sourceTree = "<group>";
		};
		0B82CD34228AF604002B02C4 /* Protocols */ = {
			isa = PBXGroup;
			children = (
				0B82CD36228AF633002B02C4 /* NetworkDelegate.swift */,
			);
			path = Protocols;
			sourceTree = "<group>";
		};
		0B82CD3E228B2059002B02C4 /* DetailsScreen */ = {
			isa = PBXGroup;
			children = (
				0B82CD41228B2078002B02C4 /* Presenter */,
				0B82CD40228B206F002B02C4 /* Protocols */,
				0B82CD3F228B2068002B02C4 /* View */,
			);
			path = DetailsScreen;
			sourceTree = "<group>";
		};
		0B82CD3F228B2068002B02C4 /* View */ = {
			isa = PBXGroup;
			children = (
				0B82CD42228B20A9002B02C4 /* DetailsViewController.swift */,
				0B82CD48228B35C5002B02C4 /* DetailsViewController_ExtensionDelegate.swift */,
				0B87672522919D0400F4FF41 /* TrailersTableViewCell.swift */,
				0B87672A2291AE4700F4FF41 /* ReviewsTableViewCell.swift */,
			);
			path = View;
			sourceTree = "<group>";
		};
		0B82CD40228B206F002B02C4 /* Protocols */ = {
			isa = PBXGroup;
			children = (
				0B82CD44228B3550002B02C4 /* DetailsDelegate.swift */,
			);
			path = Protocols;
			sourceTree = "<group>";
		};
		0B82CD41228B2078002B02C4 /* Presenter */ = {
			isa = PBXGroup;
			children = (
				0B82CD46228B356B002B02C4 /* DetailsPresenter.swift */,
			);
			path = Presenter;
			sourceTree = "<group>";
		};
		0B82CD4C228B5EDD002B02C4 /* MovieCoreData */ = {
			isa = PBXGroup;
			children = (
				0B82CD4D228B5FEB002B02C4 /* Protocols */,
				0B82CD4A228B5EA7002B02C4 /* CoreDataModel.swift */,
			);
			path = MovieCoreData;
			sourceTree = "<group>";
		};
		0B82CD4D228B5FEB002B02C4 /* Protocols */ = {
			isa = PBXGroup;
			children = (
				0B82CD4E228B601B002B02C4 /* CoreDataDelegate.swift */,
			);
			path = Protocols;
			sourceTree = "<group>";
		};
		0B87672722919EB300F4FF41 /* Recourses */ = {
			isa = PBXGroup;
			children = (
				0B9200E722930D2D008FB1ED /* favorite-heart-button.png */,
				0B9200E522930D02008FB1ED /* home.png */,
				0B9200E32292FCB1008FB1ED /* placeholder.png */,
				0B9200E12292E534008FB1ED /* Fall-Movie-Review.jpg */,
				0B9200DC2292C4BC008FB1ED /* home1.png */,
				0B87672822919ECD00F4FF41 /* Unknown.jpeg */,
				0B82CD3A228B002C002B02C4 /* cr1.jpg */,
			);
			path = Recourses;
			sourceTree = "<group>";
		};
		0B9200DE2292E3CC008FB1ED /* SplashScreen */ = {
			isa = PBXGroup;
			children = (
				0B9200DF2292E3F8008FB1ED /* SplashViewController.swift */,
			);
			path = SplashScreen;
			sourceTree = "<group>";
		};
		0BD427662289BD0300899A06 /* Model */ = {
			isa = PBXGroup;
			children = (
				0B82CD4C228B5EDD002B02C4 /* MovieCoreData */,
				0B82CD32228AC008002B02C4 /* Movie.swift */,
				0B876723229189B200F4FF41 /* Trailer.swift */,
				0B87672C2291B0DA00F4FF41 /* Reviews.swift */,
			);
			path = Model;
			sourceTree = "<group>";
		};
		0BD427702289BF9700899A06 /* Screens */ = {
			isa = PBXGroup;
			children = (
				0B9200DE2292E3CC008FB1ED /* SplashScreen */,
				0B82CD3E228B2059002B02C4 /* DetailsScreen */,
				0BD427752289BFE200899A06 /* HomeScreen */,
				0BD427712289BFC300899A06 /* FavouritesScreen */,
			);
			name = Screens;
			path = "New Group";
			sourceTree = "<group>";
		};
		0BD427712289BFC300899A06 /* FavouritesScreen */ = {
			isa = PBXGroup;
			children = (
				0BD427742289BFDD00899A06 /* View */,
				0BD427732289BFD500899A06 /* Presenter */,
				0BD427722289BFCF00899A06 /* Prorocols */,
			);
			path = FavouritesScreen;
			sourceTree = "<group>";
		};
		0BD427722289BFCF00899A06 /* Prorocols */ = {
			isa = PBXGroup;
			children = (
				0B7AC780228C51C0002646C2 /* FavouritesDelegate.swift */,
			);
			path = Prorocols;
			sourceTree = "<group>";
		};
		0BD427732289BFD500899A06 /* Presenter */ = {
			isa = PBXGroup;
			children = (
				0B7AC77E228C51A3002646C2 /* FavouritesPresenter.swift */,
			);
			path = Presenter;
			sourceTree = "<group>";
		};
		0BD427742289BFDD00899A06 /* View */ = {
			isa = PBXGroup;
			children = (
				0BD4277B2289C02B00899A06 /* FavouritesCollectionViewCell.swift */,
				0BD427792289C02200899A06 /* FavouritesCollectionViewController.swift */,
				0B7AC782228C5219002646C2 /* FavouritesCollectionView_ExtensionDelegate.swift */,
			);
			path = View;
			sourceTree = "<group>";
		};
		0BD427752289BFE200899A06 /* HomeScreen */ = {
			isa = PBXGroup;
			children = (
				0BD427782289BFFB00899A06 /* View */,
				0BD427772289BFF300899A06 /* Presenter */,
				0BD427762289BFEB00899A06 /* Protocols */,
			);
			path = HomeScreen;
			sourceTree = "<group>";
		};
		0BD427762289BFEB00899A06 /* Protocols */ = {
			isa = PBXGroup;
			children = (
				0B82CD2E228ABA54002B02C4 /* HomeDelegate.swift */,
			);
			path = Protocols;
			sourceTree = "<group>";
		};
		0BD427772289BFF300899A06 /* Presenter */ = {
			isa = PBXGroup;
			children = (
				0B82CD2C228ABA3A002B02C4 /* HomePresenter.swift */,
			);
			path = Presenter;
			sourceTree = "<group>";
		};
		0BD427782289BFFB00899A06 /* View */ = {
			isa = PBXGroup;
			children = (
				0B82CD30228ABB13002B02C4 /* HomeViewController_ExtensionDelegate.swift */,
				0BD4277F2289C04600899A06 /* HomeCollectionViewCell.swift */,
				0BD4277D2289C04100899A06 /* HomeCollectionViewController.swift */,
			);
			path = View;
			sourceTree = "<group>";
		};
		0BD427852289F21100899A06 /* Services */ = {
			isa = PBXGroup;
			children = (
				0BD427862289F21D00899A06 /* Network */,
			);
			path = Services;
			sourceTree = "<group>";
		};
		0BD427862289F21D00899A06 /* Network */ = {
			isa = PBXGroup;
			children = (
				0B82CD34228AF604002B02C4 /* Protocols */,
				0BD427872289F24100899A06 /* NetworkConnection.swift */,
				0B82CD38228AF6BB002B02C4 /* NetworkConnection_ExtensionDelegate.swift */,
			);
			path = Network;
			sourceTree = "<group>";
		};
		BA593BF22289B42C007CFF2E = {
			isa = PBXGroup;
			children = (
				BA593BFD2289B42C007CFF2E /* MovieApp */,
				BA593BFC2289B42C007CFF2E /* Products */,
				0AD77D4FFEC8C34EDE5B7B7C /* Pods */,
				E6F76185260D7E03F34E2FA5 /* Frameworks */,
			);
			sourceTree = "<group>";
		};
		BA593BFC2289B42C007CFF2E /* Products */ = {
			isa = PBXGroup;
			children = (
				BA593BFB2289B42C007CFF2E /* MovieApp.app */,
			);
			name = Products;
			sourceTree = "<group>";
		};
		BA593BFD2289B42C007CFF2E /* MovieApp */ = {
			isa = PBXGroup;
			children = (
				0B87672722919EB300F4FF41 /* Recourses */,
				0BD427852289F21100899A06 /* Services */,
				0BD427702289BF9700899A06 /* Screens */,
				0BD427662289BD0300899A06 /* Model */,
				BA593BFE2289B42C007CFF2E /* AppDelegate.swift */,
				BA593C022289B42C007CFF2E /* Main.storyboard */,
				BA593C082289B432007CFF2E /* Assets.xcassets */,
				BA593C0A2289B432007CFF2E /* LaunchScreen.storyboard */,
				BA593C0D2289B432007CFF2E /* Info.plist */,
				BA593C052289B42C007CFF2E /* MovieApp.xcdatamodeld */,
			);
			path = MovieApp;
			sourceTree = "<group>";
		};
		E6F76185260D7E03F34E2FA5 /* Frameworks */ = {
			isa = PBXGroup;
			children = (
				E701452529C961F2737C38EA /* Pods_MovieApp.framework */,
			);
			name = Frameworks;
			sourceTree = "<group>";
		};
/* End PBXGroup section */

/* Begin PBXNativeTarget section */
		BA593BFA2289B42C007CFF2E /* MovieApp */ = {
			isa = PBXNativeTarget;
			buildConfigurationList = BA593C102289B432007CFF2E /* Build configuration list for PBXNativeTarget "MovieApp" */;
			buildPhases = (
				E84ED72D703DC6577701D8A7 /* [CP] Check Pods Manifest.lock */,
				BA593BF72289B42C007CFF2E /* Sources */,
				BA593BF82289B42C007CFF2E /* Frameworks */,
				BA593BF92289B42C007CFF2E /* Resources */,
				1E6AC01E51A9C4EE6D81502D /* [CP] Embed Pods Frameworks */,
			);
			buildRules = (
			);
			dependencies = (
			);
			name = MovieApp;
			productName = MovieApp;
			productReference = BA593BFB2289B42C007CFF2E /* MovieApp.app */;
			productType = "com.apple.product-type.application";
		};
/* End PBXNativeTarget section */

/* Begin PBXProject section */
		BA593BF32289B42C007CFF2E /* Project object */ = {
			isa = PBXProject;
			attributes = {
				LastSwiftUpdateCheck = 0930;
				LastUpgradeCheck = 0930;
				ORGANIZATIONNAME = iti;
				TargetAttributes = {
					BA593BFA2289B42C007CFF2E = {
						CreatedOnToolsVersion = 9.3;
					};
				};
			};
			buildConfigurationList = BA593BF62289B42C007CFF2E /* Build configuration list for PBXProject "MovieApp" */;
			compatibilityVersion = "Xcode 9.3";
			developmentRegion = en;
			hasScannedForEncodings = 0;
			knownRegions = (
				en,
				Base,
			);
			mainGroup = BA593BF22289B42C007CFF2E;
			productRefGroup = BA593BFC2289B42C007CFF2E /* Products */;
			projectDirPath = "";
			projectRoot = "";
			targets = (
				BA593BFA2289B42C007CFF2E /* MovieApp */,
			);
		};
/* End PBXProject section */

/* Begin PBXResourcesBuildPhase section */
		BA593BF92289B42C007CFF2E /* Resources */ = {
			isa = PBXResourcesBuildPhase;
			buildActionMask = 2147483647;
			files = (
				0B9200E822930D2E008FB1ED /* favorite-heart-button.png in Resources */,
				0B82CD3B228B002C002B02C4 /* cr1.jpg in Resources */,
				BA593C0C2289B432007CFF2E /* LaunchScreen.storyboard in Resources */,
				0B9200E622930D02008FB1ED /* home.png in Resources */,
				0B9200E22292E534008FB1ED /* Fall-Movie-Review.jpg in Resources */,
				BA593C092289B432007CFF2E /* Assets.xcassets in Resources */,
				BA593C042289B42C007CFF2E /* Main.storyboard in Resources */,
				0B9200E42292FCB1008FB1ED /* placeholder.png in Resources */,
				0B9200DD2292C4BC008FB1ED /* home1.png in Resources */,
				0B87672922919ECD00F4FF41 /* Unknown.jpeg in Resources */,
			);
			runOnlyForDeploymentPostprocessing = 0;
		};
/* End PBXResourcesBuildPhase section */

/* Begin PBXShellScriptBuildPhase section */
		1E6AC01E51A9C4EE6D81502D /* [CP] Embed Pods Frameworks */ = {
			isa = PBXShellScriptBuildPhase;
			buildActionMask = 2147483647;
			files = (
			);
			inputPaths = (
				"${SRCROOT}/Pods/Target Support Files/Pods-MovieApp/Pods-MovieApp-frameworks.sh",
				"${BUILT_PRODUCTS_DIR}/Alamofire/Alamofire.framework",
				"${BUILT_PRODUCTS_DIR}/SDWebImage/SDWebImage.framework",
				"${BUILT_PRODUCTS_DIR}/SwiftyJSON/SwiftyJSON.framework",
			);
			name = "[CP] Embed Pods Frameworks";
			outputPaths = (
				"${TARGET_BUILD_DIR}/${FRAMEWORKS_FOLDER_PATH}/Alamofire.framework",
				"${TARGET_BUILD_DIR}/${FRAMEWORKS_FOLDER_PATH}/SDWebImage.framework",
				"${TARGET_BUILD_DIR}/${FRAMEWORKS_FOLDER_PATH}/SwiftyJSON.framework",
			);
			runOnlyForDeploymentPostprocessing = 0;
			shellPath = /bin/sh;
			shellScript = "\"${SRCROOT}/Pods/Target Support Files/Pods-MovieApp/Pods-MovieApp-frameworks.sh\"\n";
			showEnvVarsInLog = 0;
		};
		E84ED72D703DC6577701D8A7 /* [CP] Check Pods Manifest.lock */ = {
			isa = PBXShellScriptBuildPhase;
			buildActionMask = 2147483647;
			files = (
			);
			inputPaths = (
				"${PODS_PODFILE_DIR_PATH}/Podfile.lock",
				"${PODS_ROOT}/Manifest.lock",
			);
			name = "[CP] Check Pods Manifest.lock";
			outputPaths = (
				"$(DERIVED_FILE_DIR)/Pods-MovieApp-checkManifestLockResult.txt",
			);
			runOnlyForDeploymentPostprocessing = 0;
			shellPath = /bin/sh;
			shellScript = "diff \"${PODS_PODFILE_DIR_PATH}/Podfile.lock\" \"${PODS_ROOT}/Manifest.lock\" > /dev/null\nif [ $? != 0 ] ; then\n    # print error to STDERR\n    echo \"error: The sandbox is not in sync with the Podfile.lock. Run 'pod install' or update your CocoaPods installation.\" >&2\n    exit 1\nfi\n# This output is used by Xcode 'outputs' to avoid re-running this script phase.\necho \"SUCCESS\" > \"${SCRIPT_OUTPUT_FILE_0}\"\n";
			showEnvVarsInLog = 0;
		};
/* End PBXShellScriptBuildPhase section */

/* Begin PBXSourcesBuildPhase section */
		BA593BF72289B42C007CFF2E /* Sources */ = {
			isa = PBXSourcesBuildPhase;
			buildActionMask = 2147483647;
			files = (
				0BD427802289C04600899A06 /* HomeCollectionViewCell.swift in Sources */,
				BA593BFF2289B42C007CFF2E /* AppDelegate.swift in Sources */,
				0B82CD31228ABB13002B02C4 /* HomeViewController_ExtensionDelegate.swift in Sources */,
				0B9200E02292E3F8008FB1ED /* SplashViewController.swift in Sources */,
				0B82CD39228AF6BB002B02C4 /* NetworkConnection_ExtensionDelegate.swift in Sources */,
				0B82CD4F228B601B002B02C4 /* CoreDataDelegate.swift in Sources */,
				0B876724229189B200F4FF41 /* Trailer.swift in Sources */,
				0B87672B2291AE4700F4FF41 /* ReviewsTableViewCell.swift in Sources */,
				0BD4277C2289C02B00899A06 /* FavouritesCollectionViewCell.swift in Sources */,
				0B87672622919D0400F4FF41 /* TrailersTableViewCell.swift in Sources */,
				0BD427882289F24100899A06 /* NetworkConnection.swift in Sources */,
				0B7AC783228C5219002646C2 /* FavouritesCollectionView_ExtensionDelegate.swift in Sources */,
				0BD4277E2289C04100899A06 /* HomeCollectionViewController.swift in Sources */,
				0B7AC77F228C51A3002646C2 /* FavouritesPresenter.swift in Sources */,
				0B87672D2291B0DA00F4FF41 /* Reviews.swift in Sources */,
				0B7AC781228C51C0002646C2 /* FavouritesDelegate.swift in Sources */,
				0B82CD2F228ABA54002B02C4 /* HomeDelegate.swift in Sources */,
				0BD4277A2289C02300899A06 /* FavouritesCollectionViewController.swift in Sources */,
				BA593C072289B42C007CFF2E /* MovieApp.xcdatamodeld in Sources */,
				0B82CD37228AF633002B02C4 /* NetworkDelegate.swift in Sources */,
				0B82CD45228B3550002B02C4 /* DetailsDelegate.swift in Sources */,
				0B82CD4B228B5EA7002B02C4 /* CoreDataModel.swift in Sources */,
				0B82CD43228B20A9002B02C4 /* DetailsViewController.swift in Sources */,
				0B82CD33228AC008002B02C4 /* Movie.swift in Sources */,
				0B82CD2D228ABA3A002B02C4 /* HomePresenter.swift in Sources */,
				0B82CD49228B35C5002B02C4 /* DetailsViewController_ExtensionDelegate.swift in Sources */,
				0B82CD47228B356B002B02C4 /* DetailsPresenter.swift in Sources */,
			);
			runOnlyForDeploymentPostprocessing = 0;
		};
/* End PBXSourcesBuildPhase section */

/* Begin PBXVariantGroup section */
		BA593C022289B42C007CFF2E /* Main.storyboard */ = {
			isa = PBXVariantGroup;
			children = (
				BA593C032289B42C007CFF2E /* Base */,
			);
			name = Main.storyboard;
			sourceTree = "<group>";
		};
		BA593C0A2289B432007CFF2E /* LaunchScreen.storyboard */ = {
			isa = PBXVariantGroup;
			children = (
				BA593C0B2289B432007CFF2E /* Base */,
			);
			name = LaunchScreen.storyboard;
			sourceTree = "<group>";
		};
/* End PBXVariantGroup section */

/* Begin XCBuildConfiguration section */
		BA593C0E2289B432007CFF2E /* Debug */ = {
			isa = XCBuildConfiguration;
			buildSettings = {
				ALWAYS_SEARCH_USER_PATHS = NO;
				CLANG_ANALYZER_NONNULL = YES;
				CLANG_ANALYZER_NUMBER_OBJECT_CONVERSION = YES_AGGRESSIVE;
				CLANG_CXX_LANGUAGE_STANDARD = "gnu++14";
				CLANG_CXX_LIBRARY = "libc++";
				CLANG_ENABLE_MODULES = YES;
				CLANG_ENABLE_OBJC_ARC = YES;
				CLANG_ENABLE_OBJC_WEAK = YES;
				CLANG_WARN_BLOCK_CAPTURE_AUTORELEASING = YES;
				CLANG_WARN_BOOL_CONVERSION = YES;
				CLANG_WARN_COMMA = YES;
				CLANG_WARN_CONSTANT_CONVERSION = YES;
				CLANG_WARN_DEPRECATED_OBJC_IMPLEMENTATIONS = YES;
				CLANG_WARN_DIRECT_OBJC_ISA_USAGE = YES_ERROR;
				CLANG_WARN_DOCUMENTATION_COMMENTS = YES;
				CLANG_WARN_EMPTY_BODY = YES;
				CLANG_WARN_ENUM_CONVERSION = YES;
				CLANG_WARN_INFINITE_RECURSION = YES;
				CLANG_WARN_INT_CONVERSION = YES;
				CLANG_WARN_NON_LITERAL_NULL_CONVERSION = YES;
				CLANG_WARN_OBJC_IMPLICIT_RETAIN_SELF = YES;
				CLANG_WARN_OBJC_LITERAL_CONVERSION = YES;
				CLANG_WARN_OBJC_ROOT_CLASS = YES_ERROR;
				CLANG_WARN_RANGE_LOOP_ANALYSIS = YES;
				CLANG_WARN_STRICT_PROTOTYPES = YES;
				CLANG_WARN_SUSPICIOUS_MOVE = YES;
				CLANG_WARN_UNGUARDED_AVAILABILITY = YES_AGGRESSIVE;
				CLANG_WARN_UNREACHABLE_CODE = YES;
				CLANG_WARN__DUPLICATE_METHOD_MATCH = YES;
				CODE_SIGN_IDENTITY = "iPhone Developer";
				COPY_PHASE_STRIP = NO;
				DEBUG_INFORMATION_FORMAT = dwarf;
				ENABLE_STRICT_OBJC_MSGSEND = YES;
				ENABLE_TESTABILITY = YES;
				GCC_C_LANGUAGE_STANDARD = gnu11;
				GCC_DYNAMIC_NO_PIC = NO;
				GCC_NO_COMMON_BLOCKS = YES;
				GCC_OPTIMIZATION_LEVEL = 0;
				GCC_PREPROCESSOR_DEFINITIONS = (
					"DEBUG=1",
					"$(inherited)",
				);
				GCC_WARN_64_TO_32_BIT_CONVERSION = YES;
				GCC_WARN_ABOUT_RETURN_TYPE = YES_ERROR;
				GCC_WARN_UNDECLARED_SELECTOR = YES;
				GCC_WARN_UNINITIALIZED_AUTOS = YES_AGGRESSIVE;
				GCC_WARN_UNUSED_FUNCTION = YES;
				GCC_WARN_UNUSED_VARIABLE = YES;
				IPHONEOS_DEPLOYMENT_TARGET = 11.3;
				MTL_ENABLE_DEBUG_INFO = YES;
				ONLY_ACTIVE_ARCH = YES;
				SDKROOT = iphoneos;
				SWIFT_ACTIVE_COMPILATION_CONDITIONS = DEBUG;
				SWIFT_OPTIMIZATION_LEVEL = "-Onone";
			};
			name = Debug;
		};
		BA593C0F2289B432007CFF2E /* Release */ = {
			isa = XCBuildConfiguration;
			buildSettings = {
				ALWAYS_SEARCH_USER_PATHS = NO;
				CLANG_ANALYZER_NONNULL = YES;
				CLANG_ANALYZER_NUMBER_OBJECT_CONVERSION = YES_AGGRESSIVE;
				CLANG_CXX_LANGUAGE_STANDARD = "gnu++14";
				CLANG_CXX_LIBRARY = "libc++";
				CLANG_ENABLE_MODULES = YES;
				CLANG_ENABLE_OBJC_ARC = YES;
				CLANG_ENABLE_OBJC_WEAK = YES;
				CLANG_WARN_BLOCK_CAPTURE_AUTORELEASING = YES;
				CLANG_WARN_BOOL_CONVERSION = YES;
				CLANG_WARN_COMMA = YES;
				CLANG_WARN_CONSTANT_CONVERSION = YES;
				CLANG_WARN_DEPRECATED_OBJC_IMPLEMENTATIONS = YES;
				CLANG_WARN_DIRECT_OBJC_ISA_USAGE = YES_ERROR;
				CLANG_WARN_DOCUMENTATION_COMMENTS = YES;
				CLANG_WARN_EMPTY_BODY = YES;
				CLANG_WARN_ENUM_CONVERSION = YES;
				CLANG_WARN_INFINITE_RECURSION = YES;
				CLANG_WARN_INT_CONVERSION = YES;
				CLANG_WARN_NON_LITERAL_NULL_CONVERSION = YES;
				CLANG_WARN_OBJC_IMPLICIT_RETAIN_SELF = YES;
				CLANG_WARN_OBJC_LITERAL_CONVERSION = YES;
				CLANG_WARN_OBJC_ROOT_CLASS = YES_ERROR;
				CLANG_WARN_RANGE_LOOP_ANALYSIS = YES;
				CLANG_WARN_STRICT_PROTOTYPES = YES;
				CLANG_WARN_SUSPICIOUS_MOVE = YES;
				CLANG_WARN_UNGUARDED_AVAILABILITY = YES_AGGRESSIVE;
				CLANG_WARN_UNREACHABLE_CODE = YES;
				CLANG_WARN__DUPLICATE_METHOD_MATCH = YES;
				CODE_SIGN_IDENTITY = "iPhone Developer";
				COPY_PHASE_STRIP = NO;
				DEBUG_INFORMATION_FORMAT = "dwarf-with-dsym";
				ENABLE_NS_ASSERTIONS = NO;
				ENABLE_STRICT_OBJC_MSGSEND = YES;
				GCC_C_LANGUAGE_STANDARD = gnu11;
				GCC_NO_COMMON_BLOCKS = YES;
				GCC_WARN_64_TO_32_BIT_CONVERSION = YES;
				GCC_WARN_ABOUT_RETURN_TYPE = YES_ERROR;
				GCC_WARN_UNDECLARED_SELECTOR = YES;
				GCC_WARN_UNINITIALIZED_AUTOS = YES_AGGRESSIVE;
				GCC_WARN_UNUSED_FUNCTION = YES;
				GCC_WARN_UNUSED_VARIABLE = YES;
				IPHONEOS_DEPLOYMENT_TARGET = 11.3;
				MTL_ENABLE_DEBUG_INFO = NO;
				SDKROOT = iphoneos;
				SWIFT_COMPILATION_MODE = wholemodule;
				SWIFT_OPTIMIZATION_LEVEL = "-O";
				VALIDATE_PRODUCT = YES;
			};
			name = Release;
		};
		BA593C112289B432007CFF2E /* Debug */ = {
			isa = XCBuildConfiguration;
			baseConfigurationReference = 32FF9D4E1CE962B22E8E2F3A /* Pods-MovieApp.debug.xcconfig */;
			buildSettings = {
				ASSETCATALOG_COMPILER_APPICON_NAME = AppIcon;
				CODE_SIGN_STYLE = Automatic;
				INFOPLIST_FILE = MovieApp/Info.plist;
				IPHONEOS_DEPLOYMENT_TARGET = 11.3;
				LD_RUNPATH_SEARCH_PATHS = (
					"$(inherited)",
					"@executable_path/Frameworks",
				);
				PRODUCT_BUNDLE_IDENTIFIER = ios.MovieApp;
				PRODUCT_NAME = "$(TARGET_NAME)";
				SWIFT_VERSION = 4.0;
				TARGETED_DEVICE_FAMILY = "1,2";
			};
			name = Debug;
		};
		BA593C122289B432007CFF2E /* Release */ = {
			isa = XCBuildConfiguration;
			baseConfigurationReference = A4C1362B0A97B51C9D35592C /* Pods-MovieApp.release.xcconfig */;
			buildSettings = {
				ASSETCATALOG_COMPILER_APPICON_NAME = AppIcon;
				CODE_SIGN_STYLE = Automatic;
				INFOPLIST_FILE = MovieApp/Info.plist;
				IPHONEOS_DEPLOYMENT_TARGET = 11.3;
				LD_RUNPATH_SEARCH_PATHS = (
					"$(inherited)",
					"@executable_path/Frameworks",
				);
				PRODUCT_BUNDLE_IDENTIFIER = ios.MovieApp;
				PRODUCT_NAME = "$(TARGET_NAME)";
				SWIFT_VERSION = 4.0;
				TARGETED_DEVICE_FAMILY = "1,2";
			};
			name = Release;
		};
/* End XCBuildConfiguration section */

/* Begin XCConfigurationList section */
		BA593BF62289B42C007CFF2E /* Build configuration list for PBXProject "MovieApp" */ = {
			isa = XCConfigurationList;
			buildConfigurations = (
				BA593C0E2289B432007CFF2E /* Debug */,
				BA593C0F2289B432007CFF2E /* Release */,
			);
			defaultConfigurationIsVisible = 0;
			defaultConfigurationName = Release;
		};
		BA593C102289B432007CFF2E /* Build configuration list for PBXNativeTarget "MovieApp" */ = {
			isa = XCConfigurationList;
			buildConfigurations = (
				BA593C112289B432007CFF2E /* Debug */,
				BA593C122289B432007CFF2E /* Release */,
			);
			defaultConfigurationIsVisible = 0;
			defaultConfigurationName = Release;
		};
/* End XCConfigurationList section */

/* Begin XCVersionGroup section */
		BA593C052289B42C007CFF2E /* MovieApp.xcdatamodeld */ = {
			isa = XCVersionGroup;
			children = (
				BA593C062289B42C007CFF2E /* MovieApp.xcdatamodel */,
			);
			currentVersion = BA593C062289B42C007CFF2E /* MovieApp.xcdatamodel */;
			path = MovieApp.xcdatamodeld;
			sourceTree = "<group>";
			versionGroupType = wrapper.xcdatamodel;
		};
/* End XCVersionGroup section */
	};
	rootObject = BA593BF32289B42C007CFF2E /* Project object */;
}
